
Microsoft Visual Studio Solution File, Format Version 12.00
# Visual Studio Version 16
VisualStudioVersion = 16.0.30907.101
MinimumVisualStudioVersion = 10.0.40219.1
Project("{9092AA53-FB77-4645-B42D-1CCCA6BD08BD}") = "jsHeapSort", "jsHeapSort\jsHeapSort.njsproj", "{5DE4FEC3-1E21-46B7-95F4-13A3EDF0792F}"
EndProject
Global
	GlobalSection(SolutionConfigurationPlatforms) = preSolution
		Debug|Any CPU = Debug|Any CPU
		Release|Any CPU = Release|Any CPU
	EndGlobalSection
	GlobalSection(ProjectConfigurationPlatforms) = postSolution
		{5DE4FEC3-1E21-46B7-95F4-13A3EDF0792F}.Debug|Any CPU.ActiveCfg = Debug|Any CPU
		{5DE4FEC3-1E21-46B7-95F4-13A3EDF0792F}.Debug|Any CPU.Build.0 = Debug|Any CPU
		{5DE4FEC3-1E21-46B7-95F4-13A3EDF0792F}.Release|Any CPU.ActiveCfg = Release|Any CPU
		{5DE4FEC3-1E21-46B7-95F4-13A3EDF0792F}.Release|Any CPU.Build.0 = Release|Any CPU
	EndGlobalSection
	GlobalSection(SolutionProperties) = preSolution
		HideSolutionNode = FALSE
	EndGlobalSection
	GlobalSection(ExtensibilityGlobals) = postSolution
		SolutionGuid = {69252761-B25A-4160-A638-2E587D1AC83A}
	EndGlobalSection
EndGlobal
